github.com/nikolascatur/go-mod-basic v1.0.0 h1:Hapjwyh41ynAOx1ch2KKfDx5+G12WJhORshOvUWtiE0=
github.com/nikolascatur/go-mod-basic v1.0.0/go.mod h1:rcJB5M+Df5TkqFDZfzPsyOppAk6M/skzslIBKbSSLEs=
github.com/nikolascatur/go-mod-basic v1.5.0 h1:j8VeIjeAYSI1KZVm8OS5CNGZqGxNJYFg9smrcPfL3ns=
github.com/nikolascatur/go-mod-basic v1.5.0/go.mod h1:rcJB5M+Df5TkqFDZfzPsyOppAk6M/skzslIBKbSSLEs=
github.com/nikolascatur/go-mod-basic/v2 v2.0.0 h1:v4iylqXTO+VVkQlXz+QzP6Jh+WUBOQs2uMlezqMidds=
github.com/nikolascatur/go-mod-basic/v2 v2.0.0/go.mod h1:GMAEmSvpv2+ttt8WbSl3wx+hipWFdv0VI9P3htIpi9g=
